
Microsoft Visual Studio Solution File, Format Version 12.00
# Visual Studio Version 16
VisualStudioVersion = 16.0.30114.105
MinimumVisualStudioVersion = 10.0.40219.1
Project("{2150E333-8FDC-42A3-9474-1A3956D46DE8}") = "src", "src", "{29D8B7CA-5B24-4FDE-AB47-8211209F987E}"
EndProject
Project("{FAE04EC0-301F-11D3-BF4B-00C04F79EFBC}") = "Blazor_Todo", "src\Blazor_Todo\Blazor_Todo.csproj", "{E13D817B-0BAC-4ACE-94D5-5C37439A4306}"
EndProject
Global
	GlobalSection(SolutionConfigurationPlatforms) = preSolution
		Debug|Any CPU = Debug|Any CPU
		Release|Any CPU = Release|Any CPU
	EndGlobalSection
	GlobalSection(SolutionProperties) = preSolution
		HideSolutionNode = FALSE
	EndGlobalSection
	GlobalSection(ProjectConfigurationPlatforms) = postSolution
		{E13D817B-0BAC-4ACE-94D5-5C37439A4306}.Debug|Any CPU.ActiveCfg = Debug|Any CPU
		{E13D817B-0BAC-4ACE-94D5-5C37439A4306}.Debug|Any CPU.Build.0 = Debug|Any CPU
		{E13D817B-0BAC-4ACE-94D5-5C37439A4306}.Release|Any CPU.ActiveCfg = Release|Any CPU
		{E13D817B-0BAC-4ACE-94D5-5C37439A4306}.Release|Any CPU.Build.0 = Release|Any CPU
	EndGlobalSection
	GlobalSection(NestedProjects) = preSolution
		{E13D817B-0BAC-4ACE-94D5-5C37439A4306} = {29D8B7CA-5B24-4FDE-AB47-8211209F987E}
	EndGlobalSection
EndGlobal
